
Microsoft Visual Studio Solution File, Format Version 12.00
# Visual Studio Version 17
VisualStudioVersion = 17.0.32014.148
MinimumVisualStudioVersion = 10.0.40219.1
Project("{2150E333-8FDC-42A3-9474-1A3956D46DE8}") = "src", "src", "{892BDF07-6AD9-4D6A-A83B-D4DDFD9417DB}"
EndProject
Project("{2150E333-8FDC-42A3-9474-1A3956D46DE8}") = "Building Block", "Building Block", "{0CBEB072-0D94-4243-AEE0-A6C7BE6CFC85}"
EndProject
Project("{2150E333-8FDC-42A3-9474-1A3956D46DE8}") = "Services", "Services", "{54630D25-B478-45ED-AE10-5F5F16AB52C3}"
EndProject
Project("{2150E333-8FDC-42A3-9474-1A3956D46DE8}") = "Web", "Web", "{4ABC396A-EFC5-460B-B3A2-BB4F42E311CF}"
EndProject
Project("{2150E333-8FDC-42A3-9474-1A3956D46DE8}") = "Identidade", "Identidade", "{C47D0F06-0D87-4751-B97A-DFA16290796B}"
EndProject
Project("{9A19103F-16F7-4668-BE54-9A1E7A4F7556}") = "NSE.Identidade.API", "src\services\NSE.Identidade.API\NSE.Identidade.API.csproj", "{192110BE-9625-41BA-BAF1-852DA8F9498E}"
EndProject
Project("{2150E333-8FDC-42A3-9474-1A3956D46DE8}") = "MVC", "MVC", "{27776B4F-6EB2-4A5F-A70B-FA4F5CBD413A}"
EndProject
Project("{9A19103F-16F7-4668-BE54-9A1E7A4F7556}") = "NSE.WebApp.MVC", "src\web\NSE.WebApp.MVC\NSE.WebApp.MVC.csproj", "{1A918053-A43F-45A7-82F3-F8BE34AB3B82}"
EndProject
Project("{2150E333-8FDC-42A3-9474-1A3956D46DE8}") = "Core", "Core", "{0F279707-6062-46E1-858F-1ED7E1FCE216}"
EndProject
Project("{9A19103F-16F7-4668-BE54-9A1E7A4F7556}") = "NSE.Core", "src\building blocks\NSE.Core\NSE.Core.csproj", "{019C5F40-2602-4B98-A6D7-9A1B5C6DF215}"
EndProject
Project("{2150E333-8FDC-42A3-9474-1A3956D46DE8}") = "Carrinho", "Carrinho", "{E8535ECD-6145-429D-8208-0581004B3EAC}"
EndProject
Project("{2150E333-8FDC-42A3-9474-1A3956D46DE8}") = "Catalogo", "Catalogo", "{234CDCB6-50FC-42A1-AABC-80FBCE4F08BA}"
EndProject
Project("{2150E333-8FDC-42A3-9474-1A3956D46DE8}") = "Cliente", "Cliente", "{CDE2A992-40C2-4BC5-819F-E84EBB9717CA}"
EndProject
Project("{2150E333-8FDC-42A3-9474-1A3956D46DE8}") = "Pagamento", "Pagamento", "{AD6D575F-F66A-4DFA-9C2D-01AFBB965538}"
EndProject
Project("{2150E333-8FDC-42A3-9474-1A3956D46DE8}") = "Pedido", "Pedido", "{DCFCF43B-32C2-41B3-9B44-4675675A28A1}"
EndProject
Project("{9A19103F-16F7-4668-BE54-9A1E7A4F7556}") = "NSE.Carrinho.API", "src\services\NSE.Carrinho.API\NSE.Carrinho.API.csproj", "{22BC893F-6834-4C26-AEFF-60484FD257DA}"
EndProject
Project("{9A19103F-16F7-4668-BE54-9A1E7A4F7556}") = "NSE.Catalogo.API", "src\services\NSE.Catalogo.API\NSE.Catalogo.API.csproj", "{96D55A5D-7C0A-4CFB-B8C8-D8F7374A8B0E}"
EndProject
Project("{9A19103F-16F7-4668-BE54-9A1E7A4F7556}") = "NSE.Cliente.API", "src\services\NSE.Cliente.API\NSE.Cliente.API.csproj", "{D1CEF014-6496-4B71-8630-97B82B4DA484}"
EndProject
Project("{9A19103F-16F7-4668-BE54-9A1E7A4F7556}") = "NSE.Pagamento.API", "src\services\NSE.Pagamento.API\NSE.Pagamento.API.csproj", "{EBC4F828-3F0D-4192-A190-032A5EF351E4}"
EndProject
Project("{9A19103F-16F7-4668-BE54-9A1E7A4F7556}") = "NSE.Pedido.API", "src\services\NSE.Pedido.API\NSE.Pedido.API.csproj", "{2E7C69B3-3D93-454A-94E5-C46B90DF3F63}"
EndProject
Project("{2150E333-8FDC-42A3-9474-1A3956D46DE8}") = "Services", "Services", "{C10F17B6-96D9-4963-B626-D347A0596AF2}"
EndProject
Project("{9A19103F-16F7-4668-BE54-9A1E7A4F7556}") = "NSE.WebAPI.Core", "src\building blocks\NSE.WebAPI.Core\NSE.WebAPI.Core.csproj", "{8CE5D41D-AC95-4547-A28A-8AB778CAB075}"
EndProject
Project("{2150E333-8FDC-42A3-9474-1A3956D46DE8}") = "MessageBus", "MessageBus", "{DB143A49-AD7D-4746-AE40-6D3BDB069CA4}"
EndProject
Project("{9A19103F-16F7-4668-BE54-9A1E7A4F7556}") = "NSE.MessageBus", "src\building blocks\NSE.MessageBus\NSE.MessageBus.csproj", "{EA13BC2D-74C3-42CE-A99B-775C8592B5E3}"
EndProject
Project("{2150E333-8FDC-42A3-9474-1A3956D46DE8}") = "ApiGateways", "ApiGateways", "{FEBB82DA-6421-4ED1-AD09-C10727031607}"
EndProject
Project("{2150E333-8FDC-42A3-9474-1A3956D46DE8}") = "Compras", "Compras", "{F70F5A48-B2CB-41C6-95F2-81FED1E35716}"
EndProject
Project("{9A19103F-16F7-4668-BE54-9A1E7A4F7556}") = "NSE.Bff.Compras", "src\api gateways\NSE.Bff.Compras\NSE.Bff.Compras.csproj", "{276EB10B-A60B-48EB-BD9B-625A9535EF0A}"
EndProject
Global
	GlobalSection(SolutionConfigurationPlatforms) = preSolution
		Debug|Any CPU = Debug|Any CPU
		Release|Any CPU = Release|Any CPU
	EndGlobalSection
	GlobalSection(ProjectConfigurationPlatforms) = postSolution
		{192110BE-9625-41BA-BAF1-852DA8F9498E}.Debug|Any CPU.ActiveCfg = Debug|Any CPU
		{192110BE-9625-41BA-BAF1-852DA8F9498E}.Debug|Any CPU.Build.0 = Debug|Any CPU
		{192110BE-9625-41BA-BAF1-852DA8F9498E}.Release|Any CPU.ActiveCfg = Release|Any CPU
		{192110BE-9625-41BA-BAF1-852DA8F9498E}.Release|Any CPU.Build.0 = Release|Any CPU
		{1A918053-A43F-45A7-82F3-F8BE34AB3B82}.Debug|Any CPU.ActiveCfg = Debug|Any CPU
		{1A918053-A43F-45A7-82F3-F8BE34AB3B82}.Debug|Any CPU.Build.0 = Debug|Any CPU
		{1A918053-A43F-45A7-82F3-F8BE34AB3B82}.Release|Any CPU.ActiveCfg = Release|Any CPU
		{1A918053-A43F-45A7-82F3-F8BE34AB3B82}.Release|Any CPU.Build.0 = Release|Any CPU
		{019C5F40-2602-4B98-A6D7-9A1B5C6DF215}.Debug|Any CPU.ActiveCfg = Debug|Any CPU
		{019C5F40-2602-4B98-A6D7-9A1B5C6DF215}.Debug|Any CPU.Build.0 = Debug|Any CPU
		{019C5F40-2602-4B98-A6D7-9A1B5C6DF215}.Release|Any CPU.ActiveCfg = Release|Any CPU
		{019C5F40-2602-4B98-A6D7-9A1B5C6DF215}.Release|Any CPU.Build.0 = Release|Any CPU
		{22BC893F-6834-4C26-AEFF-60484FD257DA}.Debug|Any CPU.ActiveCfg = Debug|Any CPU
		{22BC893F-6834-4C26-AEFF-60484FD257DA}.Debug|Any CPU.Build.0 = Debug|Any CPU
		{22BC893F-6834-4C26-AEFF-60484FD257DA}.Release|Any CPU.ActiveCfg = Release|Any CPU
		{22BC893F-6834-4C26-AEFF-60484FD257DA}.Release|Any CPU.Build.0 = Release|Any CPU
		{96D55A5D-7C0A-4CFB-B8C8-D8F7374A8B0E}.Debug|Any CPU.ActiveCfg = Debug|Any CPU
		{96D55A5D-7C0A-4CFB-B8C8-D8F7374A8B0E}.Debug|Any CPU.Build.0 = Debug|Any CPU
		{96D55A5D-7C0A-4CFB-B8C8-D8F7374A8B0E}.Release|Any CPU.ActiveCfg = Release|Any CPU
		{96D55A5D-7C0A-4CFB-B8C8-D8F7374A8B0E}.Release|Any CPU.Build.0 = Release|Any CPU
		{D1CEF014-6496-4B71-8630-97B82B4DA484}.Debug|Any CPU.ActiveCfg = Debug|Any CPU
		{D1CEF014-6496-4B71-8630-97B82B4DA484}.Debug|Any CPU.Build.0 = Debug|Any CPU
		{D1CEF014-6496-4B71-8630-97B82B4DA484}.Release|Any CPU.ActiveCfg = Release|Any CPU
		{D1CEF014-6496-4B71-8630-97B82B4DA484}.Release|Any CPU.Build.0 = Release|Any CPU
		{EBC4F828-3F0D-4192-A190-032A5EF351E4}.Debug|Any CPU.ActiveCfg = Debug|Any CPU
		{EBC4F828-3F0D-4192-A190-032A5EF351E4}.Debug|Any CPU.Build.0 = Debug|Any CPU
		{EBC4F828-3F0D-4192-A190-032A5EF351E4}.Release|Any CPU.ActiveCfg = Release|Any CPU
		{EBC4F828-3F0D-4192-A190-032A5EF351E4}.Release|Any CPU.Build.0 = Release|Any CPU
		{2E7C69B3-3D93-454A-94E5-C46B90DF3F63}.Debug|Any CPU.ActiveCfg = Debug|Any CPU
		{2E7C69B3-3D93-454A-94E5-C46B90DF3F63}.Debug|Any CPU.Build.0 = Debug|Any CPU
		{2E7C69B3-3D93-454A-94E5-C46B90DF3F63}.Release|Any CPU.ActiveCfg = Release|Any CPU
		{2E7C69B3-3D93-454A-94E5-C46B90DF3F63}.Release|Any CPU.Build.0 = Release|Any CPU
		{8CE5D41D-AC95-4547-A28A-8AB778CAB075}.Debug|Any CPU.ActiveCfg = Debug|Any CPU
		{8CE5D41D-AC95-4547-A28A-8AB778CAB075}.Debug|Any CPU.Build.0 = Debug|Any CPU
		{8CE5D41D-AC95-4547-A28A-8AB778CAB075}.Release|Any CPU.ActiveCfg = Release|Any CPU
		{8CE5D41D-AC95-4547-A28A-8AB778CAB075}.Release|Any CPU.Build.0 = Release|Any CPU
		{EA13BC2D-74C3-42CE-A99B-775C8592B5E3}.Debug|Any CPU.ActiveCfg = Debug|Any CPU
		{EA13BC2D-74C3-42CE-A99B-775C8592B5E3}.Debug|Any CPU.Build.0 = Debug|Any CPU
		{EA13BC2D-74C3-42CE-A99B-775C8592B5E3}.Release|Any CPU.ActiveCfg = Release|Any CPU
		{EA13BC2D-74C3-42CE-A99B-775C8592B5E3}.Release|Any CPU.Build.0 = Release|Any CPU
		{276EB10B-A60B-48EB-BD9B-625A9535EF0A}.Debug|Any CPU.ActiveCfg = Debug|Any CPU
		{276EB10B-A60B-48EB-BD9B-625A9535EF0A}.Debug|Any CPU.Build.0 = Debug|Any CPU
		{276EB10B-A60B-48EB-BD9B-625A9535EF0A}.Release|Any CPU.ActiveCfg = Release|Any CPU
		{276EB10B-A60B-48EB-BD9B-625A9535EF0A}.Release|Any CPU.Build.0 = Release|Any CPU
	EndGlobalSection
	GlobalSection(SolutionProperties) = preSolution
		HideSolutionNode = FALSE
	EndGlobalSection
	GlobalSection(NestedProjects) = preSolution
		{0CBEB072-0D94-4243-AEE0-A6C7BE6CFC85} = {892BDF07-6AD9-4D6A-A83B-D4DDFD9417DB}
		{54630D25-B478-45ED-AE10-5F5F16AB52C3} = {892BDF07-6AD9-4D6A-A83B-D4DDFD9417DB}
		{4ABC396A-EFC5-460B-B3A2-BB4F42E311CF} = {892BDF07-6AD9-4D6A-A83B-D4DDFD9417DB}
		{C47D0F06-0D87-4751-B97A-DFA16290796B} = {54630D25-B478-45ED-AE10-5F5F16AB52C3}
		{192110BE-9625-41BA-BAF1-852DA8F9498E} = {C47D0F06-0D87-4751-B97A-DFA16290796B}
		{27776B4F-6EB2-4A5F-A70B-FA4F5CBD413A} = {4ABC396A-EFC5-460B-B3A2-BB4F42E311CF}
		{1A918053-A43F-45A7-82F3-F8BE34AB3B82} = {27776B4F-6EB2-4A5F-A70B-FA4F5CBD413A}
		{0F279707-6062-46E1-858F-1ED7E1FCE216} = {0CBEB072-0D94-4243-AEE0-A6C7BE6CFC85}
		{019C5F40-2602-4B98-A6D7-9A1B5C6DF215} = {0F279707-6062-46E1-858F-1ED7E1FCE216}
		{E8535ECD-6145-429D-8208-0581004B3EAC} = {54630D25-B478-45ED-AE10-5F5F16AB52C3}
		{234CDCB6-50FC-42A1-AABC-80FBCE4F08BA} = {54630D25-B478-45ED-AE10-5F5F16AB52C3}
		{CDE2A992-40C2-4BC5-819F-E84EBB9717CA} = {54630D25-B478-45ED-AE10-5F5F16AB52C3}
		{AD6D575F-F66A-4DFA-9C2D-01AFBB965538} = {54630D25-B478-45ED-AE10-5F5F16AB52C3}
		{DCFCF43B-32C2-41B3-9B44-4675675A28A1} = {54630D25-B478-45ED-AE10-5F5F16AB52C3}
		{22BC893F-6834-4C26-AEFF-60484FD257DA} = {E8535ECD-6145-429D-8208-0581004B3EAC}
		{96D55A5D-7C0A-4CFB-B8C8-D8F7374A8B0E} = {234CDCB6-50FC-42A1-AABC-80FBCE4F08BA}
		{D1CEF014-6496-4B71-8630-97B82B4DA484} = {CDE2A992-40C2-4BC5-819F-E84EBB9717CA}
		{EBC4F828-3F0D-4192-A190-032A5EF351E4} = {AD6D575F-F66A-4DFA-9C2D-01AFBB965538}
		{2E7C69B3-3D93-454A-94E5-C46B90DF3F63} = {DCFCF43B-32C2-41B3-9B44-4675675A28A1}
		{C10F17B6-96D9-4963-B626-D347A0596AF2} = {0CBEB072-0D94-4243-AEE0-A6C7BE6CFC85}
		{8CE5D41D-AC95-4547-A28A-8AB778CAB075} = {C10F17B6-96D9-4963-B626-D347A0596AF2}
		{DB143A49-AD7D-4746-AE40-6D3BDB069CA4} = {0CBEB072-0D94-4243-AEE0-A6C7BE6CFC85}
		{EA13BC2D-74C3-42CE-A99B-775C8592B5E3} = {DB143A49-AD7D-4746-AE40-6D3BDB069CA4}
		{FEBB82DA-6421-4ED1-AD09-C10727031607} = {892BDF07-6AD9-4D6A-A83B-D4DDFD9417DB}
		{F70F5A48-B2CB-41C6-95F2-81FED1E35716} = {FEBB82DA-6421-4ED1-AD09-C10727031607}
		{276EB10B-A60B-48EB-BD9B-625A9535EF0A} = {F70F5A48-B2CB-41C6-95F2-81FED1E35716}
	EndGlobalSection
	GlobalSection(ExtensibilityGlobals) = postSolution
		SolutionGuid = {B2ED699A-DCFB-4330-89B8-AF3ABD9ED750}
	EndGlobalSection
EndGlobal
